{
  "name": "docusaurus2-dotenv",
  "version": "1.0.0",
  "lockfileVersion": 1,
  "requires": true,
  "dependencies": {
    "@docusaurus/types": {
      "version": "2.0.0-alpha.37",
      "resolved": "https://registry.npmjs.org/@docusaurus/types/-/types-2.0.0-alpha.37.tgz",
      "integrity": "sha512-t0bwfUQLEY6FGZX1OGhB29y7OQFAzqmNfP/UewUWOb/OiG5HBZ/r7OfwOH1dfmbjRJD99eHA3r4br8jwuvQfPg==",
      "dev": true,
      "requires": {
        "@types/webpack": "^4.41.0",
        "commander": "^4.0.1",
        "querystring": "0.2.0"
      }
    },
    "@types/anymatch": {
      "version": "1.3.1",
      "resolved": "https://registry.npmjs.org/@types/anymatch/-/anymatch-1.3.1.tgz",
      "integrity": "sha512-/+CRPXpBDpo2RK9C68N3b2cOvO0Cf5B9aPijHsoDQTHivnGSObdOF2BRQOYjojWTDy6nQvMjmqRXIxH55VjxxA==",
      "dev": true
    },
    "@types/dotenv-webpack": {
      "version": "1.7.0",
      "resolved": "https://registry.npmjs.org/@types/dotenv-webpack/-/dotenv-webpack-1.7.0.tgz",
      "integrity": "sha512-/dXQdLSma6nYkeTiO571+IUEPY0hs3uwJfsLVvj4v/6/CqBUm/4TNiGHpqveIllQ0M0YVB67sdl9Fmgr2riBRQ==",
      "dev": true,
      "requires": {
        "@types/webpack": "*"
      }
    },
    "@types/node": {
      "version": "13.13.5",
      "resolved": "https://registry.npmjs.org/@types/node/-/node-13.13.5.tgz",
      "integrity": "sha512-3ySmiBYJPqgjiHA7oEaIo2Rzz0HrOZ7yrNO5HWyaE5q0lQ3BppDZ3N53Miz8bw2I7gh1/zir2MGVZBvpb1zq9g==",
      "dev": true
    },
    "@types/source-list-map": {
      "version": "0.1.2",
      "resolved": "https://registry.npmjs.org/@types/source-list-map/-/source-list-map-0.1.2.tgz",
      "integrity": "sha512-K5K+yml8LTo9bWJI/rECfIPrGgxdpeNbj+d53lwN4QjW1MCwlkhUms+gtdzigTeUyBr09+u8BwOIY3MXvHdcsA==",
      "dev": true
    },
    "@types/tapable": {
      "version": "1.0.5",
      "resolved": "https://registry.npmjs.org/@types/tapable/-/tapable-1.0.5.tgz",
      "integrity": "sha512-/gG2M/Imw7cQFp8PGvz/SwocNrmKFjFsm5Pb8HdbHkZ1K8pmuPzOX4VeVoiEecFCVf4CsN1r3/BRvx+6sNqwtQ==",
      "dev": true
    },
    "@types/uglify-js": {
      "version": "3.9.0",
      "resolved": "https://registry.npmjs.org/@types/uglify-js/-/uglify-js-3.9.0.tgz",
      "integrity": "sha512-3ZcoyPYHVOCcLpnfZwD47KFLr8W/mpUcgjpf1M4Q78TMJIw7KMAHSjiCLJp1z3ZrBR9pTLbe191O0TldFK5zcw==",
      "dev": true,
      "requires": {
        "source-map": "^0.6.1"
      }
    },
    "@types/webpack": {
      "version": "4.41.12",
      "resolved": "https://registry.npmjs.org/@types/webpack/-/webpack-4.41.12.tgz",
      "integrity": "sha512-BpCtM4NnBen6W+KEhrL9jKuZCXVtiH6+0b6cxdvNt2EwU949Al334PjQSl2BeAyvAX9mgoNNG21wvjP3xZJJ5w==",
      "dev": true,
      "requires": {
        "@types/anymatch": "*",
        "@types/node": "*",
        "@types/tapable": "*",
        "@types/uglify-js": "*",
        "@types/webpack-sources": "*",
        "source-map": "^0.6.0"
      }
    },
    "@types/webpack-sources": {
      "version": "0.1.7",
      "resolved": "https://registry.npmjs.org/@types/webpack-sources/-/webpack-sources-0.1.7.tgz",
      "integrity": "sha512-XyaHrJILjK1VHVC4aVlKsdNN5KBTwufMb43cQs+flGxtPAf/1Qwl8+Q0tp5BwEGaI8D6XT1L+9bSWXckgkjTLw==",
      "dev": true,
      "requires": {
        "@types/node": "*",
        "@types/source-list-map": "*",
        "source-map": "^0.6.1"
      }
    },
    "commander": {
      "version": "4.1.1",
      "resolved": "https://registry.npmjs.org/commander/-/commander-4.1.1.tgz",
      "integrity": "sha512-NOKm8xhkzAjzFx8B2v5OAHT+u5pRQc2UCa2Vq9jYL/31o2wi9mxBA7LIFs3sV5VSC49z6pEhfbMULvShKj26WA==",
      "dev": true
    },
    "dotenv": {
      "version": "6.2.0",
      "resolved": "https://registry.npmjs.org/dotenv/-/dotenv-6.2.0.tgz",
      "integrity": "sha512-HygQCKUBSFl8wKQZBSemMywRWcEDNidvNbjGVyZu3nbZ8qq9ubiPoGLMdRDpfSrpkkm9BXYFkpKxxFX38o/76w=="
    },
    "dotenv-defaults": {
      "version": "1.1.1",
      "resolved": "https://registry.npmjs.org/dotenv-defaults/-/dotenv-defaults-1.1.1.tgz",
      "integrity": "sha512-6fPRo9o/3MxKvmRZBD3oNFdxODdhJtIy1zcJeUSCs6HCy4tarUpd+G67UTU9tF6OWXeSPqsm4fPAB+2eY9Rt9Q==",
      "requires": {
        "dotenv": "^6.2.0"
      }
    },
    "dotenv-webpack": {
      "version": "1.7.0",
      "resolved": "https://registry.npmjs.org/dotenv-webpack/-/dotenv-webpack-1.7.0.tgz",
      "integrity": "sha512-wwNtOBW/6gLQSkb8p43y0Wts970A3xtNiG/mpwj9MLUhtPCQG6i+/DSXXoNN7fbPCU/vQ7JjwGmgOeGZSSZnsw==",
      "requires": {
        "dotenv-defaults": "^1.0.2"
      }
    },
    "node": {
      "version": "14.2.0",
      "resolved": "https://registry.npmjs.org/node/-/node-14.2.0.tgz",
      "integrity": "sha512-qhnO1B0tPkL1+9suHJ5XIyHNPeGUbF/s6PChhquBOhIHFHQf2kgsKSRX5TCWd3YLFbzLMaRGNrO8+84CCE3BUw==",
      "requires": {
        "node-bin-setup": "^1.0.0"
      }
    },
    "node-bin-setup": {
      "version": "1.0.6",
      "resolved": "https://registry.npmjs.org/node-bin-setup/-/node-bin-setup-1.0.6.tgz",
      "integrity": "sha512-uPIxXNis1CRbv1DwqAxkgBk5NFV3s7cMN/Gf556jSw6jBvV7ca4F9lRL/8cALcZecRibeqU+5dFYqFFmzv5a0Q=="
    },
    "querystring": {
      "version": "0.2.0",
      "resolved": "https://registry.npmjs.org/querystring/-/querystring-0.2.0.tgz",
      "integrity": "sha1-sgmEkgO7Jd+CDadW50cAWHhSFiA=",
      "dev": true
    },
    "source-map": {
      "version": "0.6.1",
      "resolved": "https://registry.npmjs.org/source-map/-/source-map-0.6.1.tgz",
      "integrity": "sha512-UjgapumWlbMhkBgzT7Ykc5YXUT46F0iKu8SGXq0bcwP5dz/h0Plj6enJqjz1Zbq2l5WaqYnrVbwWOWMyF3F47g==",
      "dev": true
    },
    "typescript": {
      "version": "3.8.3",
      "resolved": "https://registry.npmjs.org/typescript/-/typescript-3.8.3.tgz",
      "integrity": "sha512-MYlEfn5VrLNsgudQTVJeNaQFUAI7DkhnOjdpAp4T+ku1TfQClewlbSuTVHiA+8skNBgaf02TL/kLOvig4y3G8w==",
      "dev": true
    }
  }
}
